
Microsoft Visual Studio Solution File, Format Version 12.00
# Visual Studio Version 17
VisualStudioVersion = 17.4.33110.190
MinimumVisualStudioVersion = 10.0.40219.1
Project("{FAE04EC0-301F-11D3-BF4B-00C04F79EFBC}") = "JWTAuthenticationApi", "JWTAuthenticationApi\JWTAuthenticationApi.csproj", "{A769F322-6606-44B9-9DD1-E404A0ECB42C}"
EndProject
Global
	GlobalSection(SolutionConfigurationPlatforms) = preSolution
		Debug|Any CPU = Debug|Any CPU
		Release|Any CPU = Release|Any CPU
	EndGlobalSection
	GlobalSection(ProjectConfigurationPlatforms) = postSolution
		{A769F322-6606-44B9-9DD1-E404A0ECB42C}.Debug|Any CPU.ActiveCfg = Debug|Any CPU
		{A769F322-6606-44B9-9DD1-E404A0ECB42C}.Debug|Any CPU.Build.0 = Debug|Any CPU
		{A769F322-6606-44B9-9DD1-E404A0ECB42C}.Release|Any CPU.ActiveCfg = Release|Any CPU
		{A769F322-6606-44B9-9DD1-E404A0ECB42C}.Release|Any CPU.Build.0 = Release|Any CPU
	EndGlobalSection
	GlobalSection(SolutionProperties) = preSolution
		HideSolutionNode = FALSE
	EndGlobalSection
	GlobalSection(ExtensibilityGlobals) = postSolution
		SolutionGuid = {2B0AFBC0-125C-42BE-891D-2DD560E10980}
	EndGlobalSection
EndGlobal
